Microsoft Visual Studio Solution File, Format Version 10.00
# Visual C# Express 2008
Project("{FAE04EC0-301F-11D3-BF4B-00C04F79EFBC}") = "FlashVideoPlayer", "FlashVideoPlayer.csproj", "{9C825F0E-ED58-4DBC-A8FB-C69569CC830C}"
EndProject
Global
	GlobalSection(SolutionConfigurationPlatforms) = preSolution
		Debug|Any CPU = Debug|Any CPU
		Release|Any CPU = Release|Any CPU
	EndGlobalSection
	GlobalSection(ProjectConfigurationPlatforms) = postSolution
		{9C825F0E-ED58-4DBC-A8FB-C69569CC830C}.Debug|Any CPU.ActiveCfg = Debug|Any CPU
		{9C825F0E-ED58-4DBC-A8FB-C69569CC830C}.Debug|Any CPU.Build.0 = Debug|Any CPU
		{9C825F0E-ED58-4DBC-A8FB-C69569CC830C}.Release|Any CPU.ActiveCfg = Release|Any CPU
		{9C825F0E-ED58-4DBC-A8FB-C69569CC830C}.Release|Any CPU.Build.0 = Release|Any CPU
	EndGlobalSection
	GlobalSection(SolutionProperties) = preSolution
		HideSolutionNode = FALSE
	EndGlobalSection
EndGlobal
