
Microsoft Visual Studio Solution File, Format Version 10.00
# Visual Studio 2008
Project("{FAE04EC0-301F-11D3-BF4B-00C04F79EFBC}") = "BLLPhonebook", "BLLPhonebook\BLLPhonebook.csproj", "{F6B25186-A76B-412E-8D7E-AABD451F58F9}"
EndProject
Project("{FAE04EC0-301F-11D3-BF4B-00C04F79EFBC}") = "DALPhonebook", "DALPhonebook\DALPhonebook.csproj", "{426A945B-671C-4B0A-BB57-8F974407ACE0}"
EndProject
Project("{FAE04EC0-301F-11D3-BF4B-00C04F79EFBC}") = "PLPhonebookWinforms", "PLPhonebookWinforms\PLPhonebookWinforms.csproj", "{CAA62254-E612-4E4F-BC96-955BD8312BA4}"
EndProject
Global
	GlobalSection(SolutionConfigurationPlatforms) = preSolution
		Debug|Any CPU = Debug|Any CPU
		Release|Any CPU = Release|Any CPU
	EndGlobalSection
	GlobalSection(ProjectConfigurationPlatforms) = postSolution
		{F6B25186-A76B-412E-8D7E-AABD451F58F9}.Debug|Any CPU.ActiveCfg = Debug|Any CPU
		{F6B25186-A76B-412E-8D7E-AABD451F58F9}.Debug|Any CPU.Build.0 = Debug|Any CPU
		{F6B25186-A76B-412E-8D7E-AABD451F58F9}.Release|Any CPU.ActiveCfg = Release|Any CPU
		{F6B25186-A76B-412E-8D7E-AABD451F58F9}.Release|Any CPU.Build.0 = Release|Any CPU
		{426A945B-671C-4B0A-BB57-8F974407ACE0}.Debug|Any CPU.ActiveCfg = Debug|Any CPU
		{426A945B-671C-4B0A-BB57-8F974407ACE0}.Debug|Any CPU.Build.0 = Debug|Any CPU
		{426A945B-671C-4B0A-BB57-8F974407ACE0}.Release|Any CPU.ActiveCfg = Release|Any CPU
		{426A945B-671C-4B0A-BB57-8F974407ACE0}.Release|Any CPU.Build.0 = Release|Any CPU
		{CAA62254-E612-4E4F-BC96-955BD8312BA4}.Debug|Any CPU.ActiveCfg = Debug|Any CPU
		{CAA62254-E612-4E4F-BC96-955BD8312BA4}.Debug|Any CPU.Build.0 = Debug|Any CPU
		{CAA62254-E612-4E4F-BC96-955BD8312BA4}.Release|Any CPU.ActiveCfg = Release|Any CPU
		{CAA62254-E612-4E4F-BC96-955BD8312BA4}.Release|Any CPU.Build.0 = Release|Any CPU
	EndGlobalSection
	GlobalSection(SolutionProperties) = preSolution
		HideSolutionNode = FALSE
	EndGlobalSection
EndGlobal
