Microsoft Visual Studio Solution File, Format Version 8.00
Project("{FAE04EC0-301F-11D3-BF4B-00C04F79EFBC}") = "print preview1", "print preview1.csproj", "{E98DC8DD-F0B6-4EA2-AE74-D970BFBAE209}"
	ProjectSection(ProjectDependencies) = postProject
	EndProjectSection
EndProject
Global
	GlobalSection(SolutionConfiguration) = preSolution
		Debug = Debug
		Release = Release
	EndGlobalSection
	GlobalSection(ProjectConfiguration) = postSolution
		{E98DC8DD-F0B6-4EA2-AE74-D970BFBAE209}.Debug.ActiveCfg = Debug|.NET
		{E98DC8DD-F0B6-4EA2-AE74-D970BFBAE209}.Debug.Build.0 = Debug|.NET
		{E98DC8DD-F0B6-4EA2-AE74-D970BFBAE209}.Release.ActiveCfg = Release|.NET
		{E98DC8DD-F0B6-4EA2-AE74-D970BFBAE209}.Release.Build.0 = Release|.NET
	EndGlobalSection
	GlobalSection(ExtensibilityGlobals) = postSolution
	EndGlobalSection
	GlobalSection(ExtensibilityAddIns) = postSolution
	EndGlobalSection
EndGlobal
