Microsoft Visual Studio Solution File, Format Version 8.00
Project("{FAE04EC0-301F-11D3-BF4B-00C04F79EFBC}") = "RemoteLib", "RemoteLib.csproj", "{C748C47B-3081-43DF-B1DA-E0A196295099}"
	ProjectSection(ProjectDependencies) = postProject
	EndProjectSection
EndProject
Project("{FAE04EC0-301F-11D3-BF4B-00C04F79EFBC}") = "RemoteServ", "..\RemoteServ\RemoteServ.csproj", "{56C5F18E-3E88-49CF-84E0-836C309FAFD8}"
	ProjectSection(ProjectDependencies) = postProject
	EndProjectSection
EndProject
Project("{FAE04EC0-301F-11D3-BF4B-00C04F79EFBC}") = "ConsoleDistribuida", "..\ConsoleDistribuida\ConsoleDistribuida.csproj", "{6267D0D7-C21B-4419-8996-2814A41E0C70}"
	ProjectSection(ProjectDependencies) = postProject
	EndProjectSection
EndProject
Project("{FAE04EC0-301F-11D3-BF4B-00C04F79EFBC}") = "ClientExe", "..\ClientExe\ClientExe.csproj", "{550CACEB-4D5F-4D0C-ACF5-53525B2AD512}"
	ProjectSection(ProjectDependencies) = postProject
	EndProjectSection
EndProject
Project("{FAE04EC0-301F-11D3-BF4B-00C04F79EFBC}") = "Servico", "..\Servico\Servico.csproj", "{F4CA8174-E25B-47A7-B848-DE90F5E7F0E3}"
	ProjectSection(ProjectDependencies) = postProject
	EndProjectSection
EndProject
Project("{FAE04EC0-301F-11D3-BF4B-00C04F79EFBC}") = "RemoteServClient", "..\RemoteServClient\RemoteServClient.csproj", "{23D70BE3-7DF2-4662-A591-EDBA3D34E2FA}"
	ProjectSection(ProjectDependencies) = postProject
	EndProjectSection
EndProject
Global
	GlobalSection(SolutionConfiguration) = preSolution
		Debug = Debug
		Release = Release
	EndGlobalSection
	GlobalSection(ProjectConfiguration) = postSolution
		{C748C47B-3081-43DF-B1DA-E0A196295099}.Debug.ActiveCfg = Debug|.NET
		{C748C47B-3081-43DF-B1DA-E0A196295099}.Debug.Build.0 = Debug|.NET
		{C748C47B-3081-43DF-B1DA-E0A196295099}.Release.ActiveCfg = Release|.NET
		{C748C47B-3081-43DF-B1DA-E0A196295099}.Release.Build.0 = Release|.NET
		{56C5F18E-3E88-49CF-84E0-836C309FAFD8}.Debug.ActiveCfg = Debug|.NET
		{56C5F18E-3E88-49CF-84E0-836C309FAFD8}.Debug.Build.0 = Debug|.NET
		{56C5F18E-3E88-49CF-84E0-836C309FAFD8}.Release.ActiveCfg = Release|.NET
		{56C5F18E-3E88-49CF-84E0-836C309FAFD8}.Release.Build.0 = Release|.NET
		{6267D0D7-C21B-4419-8996-2814A41E0C70}.Debug.ActiveCfg = Debug|.NET
		{6267D0D7-C21B-4419-8996-2814A41E0C70}.Debug.Build.0 = Debug|.NET
		{6267D0D7-C21B-4419-8996-2814A41E0C70}.Release.ActiveCfg = Release|.NET
		{6267D0D7-C21B-4419-8996-2814A41E0C70}.Release.Build.0 = Release|.NET
		{550CACEB-4D5F-4D0C-ACF5-53525B2AD512}.Debug.ActiveCfg = Debug|.NET
		{550CACEB-4D5F-4D0C-ACF5-53525B2AD512}.Debug.Build.0 = Debug|.NET
		{550CACEB-4D5F-4D0C-ACF5-53525B2AD512}.Release.ActiveCfg = Release|.NET
		{550CACEB-4D5F-4D0C-ACF5-53525B2AD512}.Release.Build.0 = Release|.NET
		{F4CA8174-E25B-47A7-B848-DE90F5E7F0E3}.Debug.ActiveCfg = Debug|.NET
		{F4CA8174-E25B-47A7-B848-DE90F5E7F0E3}.Debug.Build.0 = Debug|.NET
		{F4CA8174-E25B-47A7-B848-DE90F5E7F0E3}.Release.ActiveCfg = Release|.NET
		{F4CA8174-E25B-47A7-B848-DE90F5E7F0E3}.Release.Build.0 = Release|.NET
		{23D70BE3-7DF2-4662-A591-EDBA3D34E2FA}.Debug.ActiveCfg = Debug|.NET
		{23D70BE3-7DF2-4662-A591-EDBA3D34E2FA}.Debug.Build.0 = Debug|.NET
		{23D70BE3-7DF2-4662-A591-EDBA3D34E2FA}.Release.ActiveCfg = Release|.NET
		{23D70BE3-7DF2-4662-A591-EDBA3D34E2FA}.Release.Build.0 = Release|.NET
	EndGlobalSection
	GlobalSection(ExtensibilityGlobals) = postSolution
	EndGlobalSection
	GlobalSection(ExtensibilityAddIns) = postSolution
	EndGlobalSection
EndGlobal
