
Microsoft Visual Studio Solution File, Format Version 9.00
# Visual Studio 2005
Project("{FAE04EC0-301F-11D3-BF4B-00C04F79EFBC}") = "Persian Time", "Persian Time.csproj", "{4688C07D-4CEB-400F-B93D-0122777DD1AE}"
EndProject
Global
	GlobalSection(SolutionConfigurationPlatforms) = preSolution
		Debug|Any CPU = Debug|Any CPU
		Release|Any CPU = Release|Any CPU
	EndGlobalSection
	GlobalSection(ProjectConfigurationPlatforms) = postSolution
		{4688C07D-4CEB-400F-B93D-0122777DD1AE}.Debug|Any CPU.ActiveCfg = Debug|Any CPU
		{4688C07D-4CEB-400F-B93D-0122777DD1AE}.Debug|Any CPU.Build.0 = Debug|Any CPU
		{4688C07D-4CEB-400F-B93D-0122777DD1AE}.Release|Any CPU.ActiveCfg = Release|Any CPU
		{4688C07D-4CEB-400F-B93D-0122777DD1AE}.Release|Any CPU.Build.0 = Release|Any CPU
	EndGlobalSection
	GlobalSection(SolutionProperties) = preSolution
		HideSolutionNode = FALSE
	EndGlobalSection
EndGlobal
