
Microsoft Visual Studio Solution File, Format Version 10.00
# Visual Studio 2008
Project("{FAE04EC0-301F-11D3-BF4B-00C04F79EFBC}") = "Create New Table in DB by Code", "Create New Table in DB by Code\Create New Table in DB by Code.csproj", "{77382C27-E007-4C8D-8C15-8183F3D62439}"
EndProject
Global
	GlobalSection(SolutionConfigurationPlatforms) = preSolution
		Debug|Any CPU = Debug|Any CPU
		Release|Any CPU = Release|Any CPU
	EndGlobalSection
	GlobalSection(ProjectConfigurationPlatforms) = postSolution
		{77382C27-E007-4C8D-8C15-8183F3D62439}.Debug|Any CPU.ActiveCfg = Debug|Any CPU
		{77382C27-E007-4C8D-8C15-8183F3D62439}.Debug|Any CPU.Build.0 = Debug|Any CPU
		{77382C27-E007-4C8D-8C15-8183F3D62439}.Release|Any CPU.ActiveCfg = Release|Any CPU
		{77382C27-E007-4C8D-8C15-8183F3D62439}.Release|Any CPU.Build.0 = Release|Any CPU
	EndGlobalSection
	GlobalSection(SolutionProperties) = preSolution
		HideSolutionNode = FALSE
	EndGlobalSection
EndGlobal
