
Microsoft Visual Studio Solution File, Format Version 10.00
# Visual C# Express 2008
Project("{FAE04EC0-301F-11D3-BF4B-00C04F79EFBC}") = "AddToDic", "AddToDic\AddToDic.csproj", "{92D282A9-475F-4CA4-9367-C93D988A7198}"
EndProject
Global
	GlobalSection(SolutionConfigurationPlatforms) = preSolution
		Debug|Any CPU = Debug|Any CPU
		Release|Any CPU = Release|Any CPU
	EndGlobalSection
	GlobalSection(ProjectConfigurationPlatforms) = postSolution
		{92D282A9-475F-4CA4-9367-C93D988A7198}.Debug|Any CPU.ActiveCfg = Debug|Any CPU
		{92D282A9-475F-4CA4-9367-C93D988A7198}.Debug|Any CPU.Build.0 = Debug|Any CPU
		{92D282A9-475F-4CA4-9367-C93D988A7198}.Release|Any CPU.ActiveCfg = Release|Any CPU
		{92D282A9-475F-4CA4-9367-C93D988A7198}.Release|Any CPU.Build.0 = Release|Any CPU
	EndGlobalSection
	GlobalSection(SolutionProperties) = preSolution
		HideSolutionNode = FALSE
	EndGlobalSection
EndGlobal
