
Microsoft Visual Studio Solution File, Format Version 9.00
# Visual Studio 2005
Project("{FAE04EC0-301F-11D3-BF4B-00C04F79EFBC}") = "WindowsApplication1", "WindowsApplication1\WindowsApplication1.csproj", "{BEA9F2DD-1AA2-4E08-B24F-D4A38AE0AB31}"
EndProject
Global
	GlobalSection(SolutionConfigurationPlatforms) = preSolution
		Debug|Any CPU = Debug|Any CPU
		Release|Any CPU = Release|Any CPU
	EndGlobalSection
	GlobalSection(ProjectConfigurationPlatforms) = postSolution
		{BEA9F2DD-1AA2-4E08-B24F-D4A38AE0AB31}.Debug|Any CPU.ActiveCfg = Debug|Any CPU
		{BEA9F2DD-1AA2-4E08-B24F-D4A38AE0AB31}.Debug|Any CPU.Build.0 = Debug|Any CPU
		{BEA9F2DD-1AA2-4E08-B24F-D4A38AE0AB31}.Release|Any CPU.ActiveCfg = Release|Any CPU
		{BEA9F2DD-1AA2-4E08-B24F-D4A38AE0AB31}.Release|Any CPU.Build.0 = Release|Any CPU
	EndGlobalSection
	GlobalSection(SolutionProperties) = preSolution
		HideSolutionNode = FALSE
	EndGlobalSection
EndGlobal
