
Microsoft Visual Studio Solution File, Format Version 9.00
# Visual Studio 2005
Project("{FAE04EC0-301F-11D3-BF4B-00C04F79EFBC}") = "DevelopedTextBox", "DevelopedTextBox\DevelopedTextBox.csproj", "{FBA9FB33-4017-4CA9-B87A-9730C7519C26}"
EndProject
Global
	GlobalSection(SolutionConfigurationPlatforms) = preSolution
		Debug|Any CPU = Debug|Any CPU
		Release|Any CPU = Release|Any CPU
	EndGlobalSection
	GlobalSection(ProjectConfigurationPlatforms) = postSolution
		{FBA9FB33-4017-4CA9-B87A-9730C7519C26}.Debug|Any CPU.ActiveCfg = Debug|Any CPU
		{FBA9FB33-4017-4CA9-B87A-9730C7519C26}.Debug|Any CPU.Build.0 = Debug|Any CPU
		{FBA9FB33-4017-4CA9-B87A-9730C7519C26}.Release|Any CPU.ActiveCfg = Release|Any CPU
		{FBA9FB33-4017-4CA9-B87A-9730C7519C26}.Release|Any CPU.Build.0 = Release|Any CPU
	EndGlobalSection
	GlobalSection(SolutionProperties) = preSolution
		HideSolutionNode = FALSE
	EndGlobalSection
EndGlobal
