
Microsoft Visual Studio Solution File, Format Version 10.00
# Visual C# Express 2008
Project("{FAE04EC0-301F-11D3-BF4B-00C04F79EFBC}") = "WindowsApplication4", "WindowsApplication4\WindowsApplication4.csproj", "{B9518A42-0630-4ED5-9FF1-6AE402774F83}"
EndProject
Project("{FAE04EC0-301F-11D3-BF4B-00C04F79EFBC}") = "BusinessLogic", "BusinessLogic\BusinessLogic.csproj", "{5C5C2006-481F-446A-A09E-546FD15FE3E6}"
EndProject
Project("{FAE04EC0-301F-11D3-BF4B-00C04F79EFBC}") = "DataAccess", "DataAccess\DataAccess.csproj", "{3048C6D4-1EDA-4747-8167-5AC2BAFE7B93}"
EndProject
Global
	GlobalSection(SolutionConfigurationPlatforms) = preSolution
		Debug|Any CPU = Debug|Any CPU
		Release|Any CPU = Release|Any CPU
	EndGlobalSection
	GlobalSection(ProjectConfigurationPlatforms) = postSolution
		{B9518A42-0630-4ED5-9FF1-6AE402774F83}.Debug|Any CPU.ActiveCfg = Debug|Any CPU
		{B9518A42-0630-4ED5-9FF1-6AE402774F83}.Debug|Any CPU.Build.0 = Debug|Any CPU
		{B9518A42-0630-4ED5-9FF1-6AE402774F83}.Release|Any CPU.ActiveCfg = Release|Any CPU
		{B9518A42-0630-4ED5-9FF1-6AE402774F83}.Release|Any CPU.Build.0 = Release|Any CPU
		{5C5C2006-481F-446A-A09E-546FD15FE3E6}.Debug|Any CPU.ActiveCfg = Debug|Any CPU
		{5C5C2006-481F-446A-A09E-546FD15FE3E6}.Debug|Any CPU.Build.0 = Debug|Any CPU
		{5C5C2006-481F-446A-A09E-546FD15FE3E6}.Release|Any CPU.ActiveCfg = Release|Any CPU
		{5C5C2006-481F-446A-A09E-546FD15FE3E6}.Release|Any CPU.Build.0 = Release|Any CPU
		{3048C6D4-1EDA-4747-8167-5AC2BAFE7B93}.Debug|Any CPU.ActiveCfg = Debug|Any CPU
		{3048C6D4-1EDA-4747-8167-5AC2BAFE7B93}.Debug|Any CPU.Build.0 = Debug|Any CPU
		{3048C6D4-1EDA-4747-8167-5AC2BAFE7B93}.Release|Any CPU.ActiveCfg = Release|Any CPU
		{3048C6D4-1EDA-4747-8167-5AC2BAFE7B93}.Release|Any CPU.Build.0 = Release|Any CPU
	EndGlobalSection
	GlobalSection(SolutionProperties) = preSolution
		HideSolutionNode = FALSE
	EndGlobalSection
EndGlobal
